
Microsoft Visual Studio Solution File, Format Version 12.00
# Visual Studio Version 16
VisualStudioVersion = 16.0.29613.14
MinimumVisualStudioVersion = 10.0.40219.1
Project("{2150E333-8FDC-42A3-9474-1A3956D46DE8}") = "Presentation", "Presentation", "{D1FAAC26-50CD-4DF2-BC96-051A543E6CEB}"
EndProject
Project("{9A19103F-16F7-4668-BE54-9A1E7A4F7556}") = "NB.Website", "Presentation\NB.Website\NB.Website.csproj", "{A0DC7E56-EF46-4107-A34E-BEECC0EEE0C4}"
EndProject
Project("{2150E333-8FDC-42A3-9474-1A3956D46DE8}") = "Libraries", "Libraries", "{062B5B7A-59F4-4D34-9890-D1A16AA9CC90}"
EndProject
Project("{9A19103F-16F7-4668-BE54-9A1E7A4F7556}") = "NB.Services", "Libraries\NB.Services\NB.Services.csproj", "{DE3AEC4E-48EF-41AF-A5BF-A62171A0E1A4}"
EndProject
Project("{9A19103F-16F7-4668-BE54-9A1E7A4F7556}") = "NB.Data", "Libraries\NB.Data\NB.Data.csproj", "{D9CB27DF-3FD7-4940-B46A-7DBC03790CA4}"
EndProject
Project("{9A19103F-16F7-4668-BE54-9A1E7A4F7556}") = "NB.Core", "Libraries\NB.Core\NB.Core.csproj", "{5E48D2C2-C0B3-4CAD-A28D-89EB09ABC55D}"
EndProject
Project("{9A19103F-16F7-4668-BE54-9A1E7A4F7556}") = "NB.Framework", "Presentation\NB.Framework\NB.Framework.csproj", "{595F6871-3A42-43B4-A39B-38658A464BDB}"
EndProject
Project("{2150E333-8FDC-42A3-9474-1A3956D46DE8}") = "Tests", "Tests", "{59218B78-6748-47DE-958E-037F8AB0552B}"
EndProject
Project("{9A19103F-16F7-4668-BE54-9A1E7A4F7556}") = "NB.Services.Test", "Tests\NB.Services.Test\NB.Services.Test.csproj", "{9473F30E-056A-4AB4-BFA8-0FDB2077D771}"
EndProject
Project("{9A19103F-16F7-4668-BE54-9A1E7A4F7556}") = "NB.Data.Tests", "Tests\NB.Data.Tests\NB.Data.Tests.csproj", "{498C56E2-D67F-47E6-8156-B30B1B757185}"
EndProject
Project("{9A19103F-16F7-4668-BE54-9A1E7A4F7556}") = "NB.Website.Tests", "Tests\NB.Website.Tests\NB.Website.Tests.csproj", "{F472F755-5FFD-4748-B71A-52AC31E6BECD}"
EndProject
Project("{9A19103F-16F7-4668-BE54-9A1E7A4F7556}") = "NB.Framework.Tests", "Tests\NB.Framework.Tests\NB.Framework.Tests.csproj", "{40DA59E9-E861-440D-9A60-7A00B4DDF256}"
EndProject
Project("{2150E333-8FDC-42A3-9474-1A3956D46DE8}") = "Crawler", "Crawler", "{EA973A53-BE52-449F-9D77-E020FE15ED51}"
EndProject
Project("{FAE04EC0-301F-11D3-BF4B-00C04F79EFBC}") = "NB.Crawler.Core", "Crawler\NB.Crawler.Core\NB.Crawler.Core.csproj", "{72AFF605-B3CD-487D-B051-354DA70A8043}"
EndProject
Project("{FAE04EC0-301F-11D3-BF4B-00C04F79EFBC}") = "NB.Crawler", "Crawler\NB.Crawler\NB.Crawler.csproj", "{984252CE-30A5-4F6F-813C-4F7765DDE54F}"
EndProject
Project("{FAE04EC0-301F-11D3-BF4B-00C04F79EFBC}") = "NB.Crawler.Services", "Crawler\NB.Crawler.Services\NB.Crawler.Services.csproj", "{73421043-45FE-4DD3-B543-929626512796}"
EndProject
Project("{FAE04EC0-301F-11D3-BF4B-00C04F79EFBC}") = "NB.Crawler.Data", "Crawler\NB.Crawler.Data\NB.Crawler.Data.csproj", "{420ECE0C-CAF1-4791-8513-A94E8B816718}"
EndProject
Project("{2150E333-8FDC-42A3-9474-1A3956D46DE8}") = "Common", "Common", "{ABA5FA82-3393-4F30-88F2-3072B665EF8D}"
EndProject
Project("{9A19103F-16F7-4668-BE54-9A1E7A4F7556}") = "MrdLibraries.Data", "..\..\MrdLibraries\MrdLibraries.Data\MrdLibraries.Data.csproj", "{510D8B9C-C512-4894-87FE-8FA59B319700}"
EndProject
Project("{FAE04EC0-301F-11D3-BF4B-00C04F79EFBC}") = "NB.Crawler.Services.Tests", "Crawler\NB.Crawler.Services.Tests\NB.Crawler.Services.Tests.csproj", "{2BDEAD09-D420-44BA-98C9-7469C64C36D4}"
EndProject
Project("{9A19103F-16F7-4668-BE54-9A1E7A4F7556}") = "MrdLibraries.TestUtilities", "..\..\MrdLibraries\Tests\MrdLibraries.TestUltilities\MrdLibraries.TestUtilities.csproj", "{7DFE1EB6-2218-464C-90DF-677D1388AB19}"
EndProject
Global
	GlobalSection(SolutionConfigurationPlatforms) = preSolution
		Debug|Any CPU = Debug|Any CPU
		Release|Any CPU = Release|Any CPU
	EndGlobalSection
	GlobalSection(ProjectConfigurationPlatforms) = postSolution
		{A0DC7E56-EF46-4107-A34E-BEECC0EEE0C4}.Debug|Any CPU.ActiveCfg = Debug|Any CPU
		{A0DC7E56-EF46-4107-A34E-BEECC0EEE0C4}.Debug|Any CPU.Build.0 = Debug|Any CPU
		{A0DC7E56-EF46-4107-A34E-BEECC0EEE0C4}.Release|Any CPU.ActiveCfg = Release|Any CPU
		{A0DC7E56-EF46-4107-A34E-BEECC0EEE0C4}.Release|Any CPU.Build.0 = Release|Any CPU
		{DE3AEC4E-48EF-41AF-A5BF-A62171A0E1A4}.Debug|Any CPU.ActiveCfg = Debug|Any CPU
		{DE3AEC4E-48EF-41AF-A5BF-A62171A0E1A4}.Debug|Any CPU.Build.0 = Debug|Any CPU
		{DE3AEC4E-48EF-41AF-A5BF-A62171A0E1A4}.Release|Any CPU.ActiveCfg = Release|Any CPU
		{DE3AEC4E-48EF-41AF-A5BF-A62171A0E1A4}.Release|Any CPU.Build.0 = Release|Any CPU
		{D9CB27DF-3FD7-4940-B46A-7DBC03790CA4}.Debug|Any CPU.ActiveCfg = Debug|Any CPU
		{D9CB27DF-3FD7-4940-B46A-7DBC03790CA4}.Debug|Any CPU.Build.0 = Debug|Any CPU
		{D9CB27DF-3FD7-4940-B46A-7DBC03790CA4}.Release|Any CPU.ActiveCfg = Release|Any CPU
		{D9CB27DF-3FD7-4940-B46A-7DBC03790CA4}.Release|Any CPU.Build.0 = Release|Any CPU
		{5E48D2C2-C0B3-4CAD-A28D-89EB09ABC55D}.Debug|Any CPU.ActiveCfg = Debug|Any CPU
		{5E48D2C2-C0B3-4CAD-A28D-89EB09ABC55D}.Debug|Any CPU.Build.0 = Debug|Any CPU
		{5E48D2C2-C0B3-4CAD-A28D-89EB09ABC55D}.Release|Any CPU.ActiveCfg = Release|Any CPU
		{5E48D2C2-C0B3-4CAD-A28D-89EB09ABC55D}.Release|Any CPU.Build.0 = Release|Any CPU
		{595F6871-3A42-43B4-A39B-38658A464BDB}.Debug|Any CPU.ActiveCfg = Debug|Any CPU
		{595F6871-3A42-43B4-A39B-38658A464BDB}.Debug|Any CPU.Build.0 = Debug|Any CPU
		{595F6871-3A42-43B4-A39B-38658A464BDB}.Release|Any CPU.ActiveCfg = Release|Any CPU
		{595F6871-3A42-43B4-A39B-38658A464BDB}.Release|Any CPU.Build.0 = Release|Any CPU
		{9473F30E-056A-4AB4-BFA8-0FDB2077D771}.Debug|Any CPU.ActiveCfg = Debug|Any CPU
		{9473F30E-056A-4AB4-BFA8-0FDB2077D771}.Debug|Any CPU.Build.0 = Debug|Any CPU
		{9473F30E-056A-4AB4-BFA8-0FDB2077D771}.Release|Any CPU.ActiveCfg = Release|Any CPU
		{9473F30E-056A-4AB4-BFA8-0FDB2077D771}.Release|Any CPU.Build.0 = Release|Any CPU
		{498C56E2-D67F-47E6-8156-B30B1B757185}.Debug|Any CPU.ActiveCfg = Debug|Any CPU
		{498C56E2-D67F-47E6-8156-B30B1B757185}.Debug|Any CPU.Build.0 = Debug|Any CPU
		{498C56E2-D67F-47E6-8156-B30B1B757185}.Release|Any CPU.ActiveCfg = Release|Any CPU
		{498C56E2-D67F-47E6-8156-B30B1B757185}.Release|Any CPU.Build.0 = Release|Any CPU
		{F472F755-5FFD-4748-B71A-52AC31E6BECD}.Debug|Any CPU.ActiveCfg = Debug|Any CPU
		{F472F755-5FFD-4748-B71A-52AC31E6BECD}.Debug|Any CPU.Build.0 = Debug|Any CPU
		{F472F755-5FFD-4748-B71A-52AC31E6BECD}.Release|Any CPU.ActiveCfg = Release|Any CPU
		{F472F755-5FFD-4748-B71A-52AC31E6BECD}.Release|Any CPU.Build.0 = Release|Any CPU
		{40DA59E9-E861-440D-9A60-7A00B4DDF256}.Debug|Any CPU.ActiveCfg = Debug|Any CPU
		{40DA59E9-E861-440D-9A60-7A00B4DDF256}.Debug|Any CPU.Build.0 = Debug|Any CPU
		{40DA59E9-E861-440D-9A60-7A00B4DDF256}.Release|Any CPU.ActiveCfg = Release|Any CPU
		{40DA59E9-E861-440D-9A60-7A00B4DDF256}.Release|Any CPU.Build.0 = Release|Any CPU
		{72AFF605-B3CD-487D-B051-354DA70A8043}.Debug|Any CPU.ActiveCfg = Debug|Any CPU
		{72AFF605-B3CD-487D-B051-354DA70A8043}.Debug|Any CPU.Build.0 = Debug|Any CPU
		{72AFF605-B3CD-487D-B051-354DA70A8043}.Release|Any CPU.ActiveCfg = Release|Any CPU
		{72AFF605-B3CD-487D-B051-354DA70A8043}.Release|Any CPU.Build.0 = Release|Any CPU
		{984252CE-30A5-4F6F-813C-4F7765DDE54F}.Debug|Any CPU.ActiveCfg = Debug|Any CPU
		{984252CE-30A5-4F6F-813C-4F7765DDE54F}.Debug|Any CPU.Build.0 = Debug|Any CPU
		{984252CE-30A5-4F6F-813C-4F7765DDE54F}.Release|Any CPU.ActiveCfg = Release|Any CPU
		{984252CE-30A5-4F6F-813C-4F7765DDE54F}.Release|Any CPU.Build.0 = Release|Any CPU
		{73421043-45FE-4DD3-B543-929626512796}.Debug|Any CPU.ActiveCfg = Debug|Any CPU
		{73421043-45FE-4DD3-B543-929626512796}.Debug|Any CPU.Build.0 = Debug|Any CPU
		{73421043-45FE-4DD3-B543-929626512796}.Release|Any CPU.ActiveCfg = Release|Any CPU
		{73421043-45FE-4DD3-B543-929626512796}.Release|Any CPU.Build.0 = Release|Any CPU
		{420ECE0C-CAF1-4791-8513-A94E8B816718}.Debug|Any CPU.ActiveCfg = Debug|Any CPU
		{420ECE0C-CAF1-4791-8513-A94E8B816718}.Debug|Any CPU.Build.0 = Debug|Any CPU
		{420ECE0C-CAF1-4791-8513-A94E8B816718}.Release|Any CPU.ActiveCfg = Release|Any CPU
		{420ECE0C-CAF1-4791-8513-A94E8B816718}.Release|Any CPU.Build.0 = Release|Any CPU
		{510D8B9C-C512-4894-87FE-8FA59B319700}.Debug|Any CPU.ActiveCfg = Debug|Any CPU
		{510D8B9C-C512-4894-87FE-8FA59B319700}.Debug|Any CPU.Build.0 = Debug|Any CPU
		{510D8B9C-C512-4894-87FE-8FA59B319700}.Release|Any CPU.ActiveCfg = Release|Any CPU
		{510D8B9C-C512-4894-87FE-8FA59B319700}.Release|Any CPU.Build.0 = Release|Any CPU
		{2BDEAD09-D420-44BA-98C9-7469C64C36D4}.Debug|Any CPU.ActiveCfg = Debug|Any CPU
		{2BDEAD09-D420-44BA-98C9-7469C64C36D4}.Debug|Any CPU.Build.0 = Debug|Any CPU
		{2BDEAD09-D420-44BA-98C9-7469C64C36D4}.Release|Any CPU.ActiveCfg = Release|Any CPU
		{2BDEAD09-D420-44BA-98C9-7469C64C36D4}.Release|Any CPU.Build.0 = Release|Any CPU
		{7DFE1EB6-2218-464C-90DF-677D1388AB19}.Debug|Any CPU.ActiveCfg = Debug|Any CPU
		{7DFE1EB6-2218-464C-90DF-677D1388AB19}.Debug|Any CPU.Build.0 = Debug|Any CPU
		{7DFE1EB6-2218-464C-90DF-677D1388AB19}.Release|Any CPU.ActiveCfg = Release|Any CPU
		{7DFE1EB6-2218-464C-90DF-677D1388AB19}.Release|Any CPU.Build.0 = Release|Any CPU
	EndGlobalSection
	GlobalSection(SolutionProperties) = preSolution
		HideSolutionNode = FALSE
	EndGlobalSection
	GlobalSection(NestedProjects) = preSolution
		{A0DC7E56-EF46-4107-A34E-BEECC0EEE0C4} = {D1FAAC26-50CD-4DF2-BC96-051A543E6CEB}
		{DE3AEC4E-48EF-41AF-A5BF-A62171A0E1A4} = {062B5B7A-59F4-4D34-9890-D1A16AA9CC90}
		{D9CB27DF-3FD7-4940-B46A-7DBC03790CA4} = {062B5B7A-59F4-4D34-9890-D1A16AA9CC90}
		{5E48D2C2-C0B3-4CAD-A28D-89EB09ABC55D} = {062B5B7A-59F4-4D34-9890-D1A16AA9CC90}
		{595F6871-3A42-43B4-A39B-38658A464BDB} = {D1FAAC26-50CD-4DF2-BC96-051A543E6CEB}
		{9473F30E-056A-4AB4-BFA8-0FDB2077D771} = {59218B78-6748-47DE-958E-037F8AB0552B}
		{498C56E2-D67F-47E6-8156-B30B1B757185} = {59218B78-6748-47DE-958E-037F8AB0552B}
		{F472F755-5FFD-4748-B71A-52AC31E6BECD} = {59218B78-6748-47DE-958E-037F8AB0552B}
		{40DA59E9-E861-440D-9A60-7A00B4DDF256} = {59218B78-6748-47DE-958E-037F8AB0552B}
		{72AFF605-B3CD-487D-B051-354DA70A8043} = {EA973A53-BE52-449F-9D77-E020FE15ED51}
		{984252CE-30A5-4F6F-813C-4F7765DDE54F} = {EA973A53-BE52-449F-9D77-E020FE15ED51}
		{73421043-45FE-4DD3-B543-929626512796} = {EA973A53-BE52-449F-9D77-E020FE15ED51}
		{420ECE0C-CAF1-4791-8513-A94E8B816718} = {EA973A53-BE52-449F-9D77-E020FE15ED51}
		{510D8B9C-C512-4894-87FE-8FA59B319700} = {ABA5FA82-3393-4F30-88F2-3072B665EF8D}
		{2BDEAD09-D420-44BA-98C9-7469C64C36D4} = {EA973A53-BE52-449F-9D77-E020FE15ED51}
		{7DFE1EB6-2218-464C-90DF-677D1388AB19} = {ABA5FA82-3393-4F30-88F2-3072B665EF8D}
	EndGlobalSection
	GlobalSection(ExtensibilityGlobals) = postSolution
		SolutionGuid = {B431E723-9808-432C-908C-5816FC0C486B}
	EndGlobalSection
EndGlobal
